
Microsoft Visual Studio Solution File, Format Version 12.00
# Visual Studio 2012
Project("{FAE04EC0-301F-11D3-BF4B-00C04F79EFBC}") = "ConsoleApplication1", "ConsoleApplication1\ConsoleApplication1.csproj", "{C1F9B684-A5C2-43D4-8666-DABCED3175DF}"
EndProject
Global
	GlobalSection(SolutionConfigurationPlatforms) = preSolution
		Debug|Any CPU = Debug|Any CPU
		Release|Any CPU = Release|Any CPU
	EndGlobalSection
	GlobalSection(ProjectConfigurationPlatforms) = postSolution
		{C1F9B684-A5C2-43D4-8666-DABCED3175DF}.Debug|Any CPU.ActiveCfg = Debug|Any CPU
		{C1F9B684-A5C2-43D4-8666-DABCED3175DF}.Debug|Any CPU.Build.0 = Debug|Any CPU
		{C1F9B684-A5C2-43D4-8666-DABCED3175DF}.Release|Any CPU.ActiveCfg = Release|Any CPU
		{C1F9B684-A5C2-43D4-8666-DABCED3175DF}.Release|Any CPU.Build.0 = Release|Any CPU
	EndGlobalSection
	GlobalSection(SolutionProperties) = preSolution
		HideSolutionNode = FALSE
	EndGlobalSection
EndGlobal
